
Microsoft Visual Studio Solution File, Format Version 12.00
# Visual Studio Version 17
VisualStudioVersion = 17.4.33110.190
MinimumVisualStudioVersion = 10.0.40219.1
Project("{FAE04EC0-301F-11D3-BF4B-00C04F79EFBC}") = "RUSConvert", "RUSConvert\RUSConvert.csproj", "{62BFBE08-8640-4D9A-9921-0E6D93F3BE5E}"
EndProject
Global
	GlobalSection(SolutionConfigurationPlatforms) = preSolution
		Debug|Any CPU = Debug|Any CPU
		Release|Any CPU = Release|Any CPU
	EndGlobalSection
	GlobalSection(ProjectConfigurationPlatforms) = postSolution
		{62BFBE08-8640-4D9A-9921-0E6D93F3BE5E}.Debug|Any CPU.ActiveCfg = Debug|Any CPU
		{62BFBE08-8640-4D9A-9921-0E6D93F3BE5E}.Debug|Any CPU.Build.0 = Debug|Any CPU
		{62BFBE08-8640-4D9A-9921-0E6D93F3BE5E}.Release|Any CPU.ActiveCfg = Release|Any CPU
		{62BFBE08-8640-4D9A-9921-0E6D93F3BE5E}.Release|Any CPU.Build.0 = Release|Any CPU
	EndGlobalSection
	GlobalSection(SolutionProperties) = preSolution
		HideSolutionNode = FALSE
	EndGlobalSection
	GlobalSection(ExtensibilityGlobals) = postSolution
		SolutionGuid = {A1218A43-5BA4-492A-9792-CEFDD4486F13}
	EndGlobalSection
EndGlobal
